
Microsoft Visual Studio Solution File, Format Version 12.00
# Visual Studio 15
VisualStudioVersion = 15.0.28307.136
MinimumVisualStudioVersion = 10.0.40219.1
Project("{FAE04EC0-301F-11D3-BF4B-00C04F79EFBC}") = "ReabilitareFisioterapia", "ReabilitareFisioterapia.csproj", "{2392D711-A131-4820-92EB-62431458E922}"
EndProject
Global
	GlobalSection(SolutionConfigurationPlatforms) = preSolution
		Debug|Any CPU = Debug|Any CPU
		Release|Any CPU = Release|Any CPU
	EndGlobalSection
	GlobalSection(ProjectConfigurationPlatforms) = postSolution
		{2392D711-A131-4820-92EB-62431458E922}.Debug|Any CPU.ActiveCfg = Debug|Any CPU
		{2392D711-A131-4820-92EB-62431458E922}.Debug|Any CPU.Build.0 = Debug|Any CPU
		{2392D711-A131-4820-92EB-62431458E922}.Release|Any CPU.ActiveCfg = Release|Any CPU
		{2392D711-A131-4820-92EB-62431458E922}.Release|Any CPU.Build.0 = Release|Any CPU
	EndGlobalSection
	GlobalSection(SolutionProperties) = preSolution
		HideSolutionNode = FALSE
	EndGlobalSection
	GlobalSection(ExtensibilityGlobals) = postSolution
		SolutionGuid = {1AFD6F85-6EF9-4B54-AC29-D9C51071A6C9}
	EndGlobalSection
EndGlobal
